// !$*UTF8*$!
{
	archiveVersion = 1;
	classes = {
	};
	objectVersion = 46;
	objects = {

/* Begin PBXBuildFile section */
		7D77F4A4825B9855FCD73E1C /* Pods_Ice_Cream_Game.framework in Frameworks */ = {isa = PBXBuildFile; fileRef = 564CD15F142BFEACD1DF0A02 /* Pods_Ice_Cream_Game.framework */; };
		AF18E7111E20591800C9CAC0 /* bg1.jpg in Resources */ = {isa = PBXBuildFile; fileRef = AF18E7101E20591800C9CAC0 /* bg1.jpg */; };
		AF193ACD1DA15AA300C8F1E8 /* GameScene.sks in Resources */ = {isa = PBXBuildFile; fileRef = AF193ACC1DA15AA300C8F1E8 /* GameScene.sks */; };
		AF193ACF1DA1645F00C8F1E8 /* MainMenu.swift in Sources */ = {isa = PBXBuildFile; fileRef = AF193ACE1DA1645F00C8F1E8 /* MainMenu.swift */; };
		AF193AD11DA17C4400C8F1E8 /* MainMenu.sks in Resources */ = {isa = PBXBuildFile; fileRef = AF193AD01DA17C4400C8F1E8 /* MainMenu.sks */; };
		AF324F131E53973600D2478A /* IceCreamGameBG.jpeg in Resources */ = {isa = PBXBuildFile; fileRef = AF324F121E53973600D2478A /* IceCreamGameBG.jpeg */; };
		AF325B271E42691300FA76FF /* SettingsNode.swift in Sources */ = {isa = PBXBuildFile; fileRef = AF325B261E42691300FA76FF /* SettingsNode.swift */; };
		AF43E8B91E35836E00237A35 /* bgmusicLevel5.mp3 in Resources */ = {isa = PBXBuildFile; fileRef = AF43E8B71E35836E00237A35 /* bgmusicLevel5.mp3 */; };
		AF43E8C01E35848300237A35 /* bgmusicLevel2.mp3 in Resources */ = {isa = PBXBuildFile; fileRef = AF43E8BF1E35848300237A35 /* bgmusicLevel2.mp3 */; };
		AF4430BF1DAAC0C300A1FA33 /* NewLevelMenu.swift in Sources */ = {isa = PBXBuildFile; fileRef = AF4430BE1DAAC0C300A1FA33 /* NewLevelMenu.swift */; };
		AF4430C11DAAC27300A1FA33 /* NewLevelMenu.sks in Resources */ = {isa = PBXBuildFile; fileRef = AF4430C01DAAC27300A1FA33 /* NewLevelMenu.sks */; };
		AF44A7ED1EC22CB00039E3DB /* bgmusicLevel1.mp3 in Resources */ = {isa = PBXBuildFile; fileRef = AF44A7EC1EC22CB00039E3DB /* bgmusicLevel1.mp3 */; };
		AF53D1511E50F8FA006FCF4A /* bgmusicLevel6.mp3 in Resources */ = {isa = PBXBuildFile; fileRef = AF53D1501E50F8FA006FCF4A /* bgmusicLevel6.mp3 */; };
		AF742E0A1DF854F8009BF9D1 /* bgmusicLevel3.mp3 in Resources */ = {isa = PBXBuildFile; fileRef = AF742E081DF854F8009BF9D1 /* bgmusicLevel3.mp3 */; };
		AF742E0C1DF85F85009BF9D1 /* Extentions.swift in Sources */ = {isa = PBXBuildFile; fileRef = AF742E0B1DF85F85009BF9D1 /* Extentions.swift */; };
		AF742E0E1DF85FBC009BF9D1 /* SoundNode.swift in Sources */ = {isa = PBXBuildFile; fileRef = AF742E0D1DF85FBC009BF9D1 /* SoundNode.swift */; };
		AF75E99E1D96EE2D00D7C045 /* AppDelegate.swift in Sources */ = {isa = PBXBuildFile; fileRef = AF75E99D1D96EE2D00D7C045 /* AppDelegate.swift */; };
		AF75E9A21D96EE2D00D7C045 /* Actions.sks in Resources */ = {isa = PBXBuildFile; fileRef = AF75E9A11D96EE2D00D7C045 /* Actions.sks */; };
		AF75E9A41D96EE2D00D7C045 /* GameScene.swift in Sources */ = {isa = PBXBuildFile; fileRef = AF75E9A31D96EE2D00D7C045 /* GameScene.swift */; };
		AF75E9A61D96EE2D00D7C045 /* GameViewController.swift in Sources */ = {isa = PBXBuildFile; fileRef = AF75E9A51D96EE2D00D7C045 /* GameViewController.swift */; };
		AF75E9A91D96EE2D00D7C045 /* Main.storyboard in Resources */ = {isa = PBXBuildFile; fileRef = AF75E9A71D96EE2D00D7C045 /* Main.storyboard */; };
		AF75E9AB1D96EE2D00D7C045 /* Assets.xcassets in Resources */ = {isa = PBXBuildFile; fileRef = AF75E9AA1D96EE2D00D7C045 /* Assets.xcassets */; };
		AF75E9AE1D96EE2D00D7C045 /* LaunchScreen.storyboard in Resources */ = {isa = PBXBuildFile; fileRef = AF75E9AC1D96EE2D00D7C045 /* LaunchScreen.storyboard */; };
		AF75E9BB1D96EE4E00D7C045 /* coin.mp3 in Resources */ = {isa = PBXBuildFile; fileRef = AF75E9B51D96EE4E00D7C045 /* coin.mp3 */; };
		AF75E9C01D96EE4E00D7C045 /* teeth2.mp3 in Resources */ = {isa = PBXBuildFile; fileRef = AF75E9BA1D96EE4E00D7C045 /* teeth2.mp3 */; };
		AF75E9C31D96EE6A00D7C045 /* mouth.atlas in Resources */ = {isa = PBXBuildFile; fileRef = AF75E9C21D96EE6A00D7C045 /* mouth.atlas */; };
		AF75E9D61D96EEDD00D7C045 /* Explosion.sks in Resources */ = {isa = PBXBuildFile; fileRef = AF75E9CC1D96EEDD00D7C045 /* Explosion.sks */; };
		AF75E9D71D96EEDD00D7C045 /* ToothExplosion.sks in Resources */ = {isa = PBXBuildFile; fileRef = AF75E9CD1D96EEDD00D7C045 /* ToothExplosion.sks */; };
		AF75E9D81D96EEDD00D7C045 /* greenSprinkle.png in Resources */ = {isa = PBXBuildFile; fileRef = AF75E9CE1D96EEDD00D7C045 /* greenSprinkle.png */; };
		AF75E9D91D96EEDD00D7C045 /* yellowSprinkle.png in Resources */ = {isa = PBXBuildFile; fileRef = AF75E9CF1D96EEDD00D7C045 /* yellowSprinkle.png */; };
		AF75E9DA1D96EEDD00D7C045 /* red square.png in Resources */ = {isa = PBXBuildFile; fileRef = AF75E9D01D96EEDD00D7C045 /* red square.png */; };
		AF75E9DB1D96EEDD00D7C045 /* spike.png in Resources */ = {isa = PBXBuildFile; fileRef = AF75E9D11D96EEDD00D7C045 /* spike.png */; };
		AF75E9DC1D96EEDD00D7C045 /* tooth.png in Resources */ = {isa = PBXBuildFile; fileRef = AF75E9D21D96EEDD00D7C045 /* tooth.png */; };
		AF75E9DD1D96EEDD00D7C045 /* sprinkle.png in Resources */ = {isa = PBXBuildFile; fileRef = AF75E9D31D96EEDD00D7C045 /* sprinkle.png */; };
		AF75E9DE1D96EEDD00D7C045 /* head.png in Resources */ = {isa = PBXBuildFile; fileRef = AF75E9D41D96EEDD00D7C045 /* head.png */; };
		AF75E9DF1D96EEDD00D7C045 /* toothbrush.png in Resources */ = {isa = PBXBuildFile; fileRef = AF75E9D51D96EEDD00D7C045 /* toothbrush.png */; };
		AF75E9E61D96EF2E00D7C045 /* Toothbrush.swift in Sources */ = {isa = PBXBuildFile; fileRef = AF75E9E01D96EF2E00D7C045 /* Toothbrush.swift */; };
		AF75E9E71D96EF2E00D7C045 /* Constants.swift in Sources */ = {isa = PBXBuildFile; fileRef = AF75E9E11D96EF2E00D7C045 /* Constants.swift */; };
		AF75E9E81D96EF2E00D7C045 /* Spike.swift in Sources */ = {isa = PBXBuildFile; fileRef = AF75E9E21D96EF2E00D7C045 /* Spike.swift */; };
		AF75E9E91D96EF2E00D7C045 /* RedSquare.swift in Sources */ = {isa = PBXBuildFile; fileRef = AF75E9E31D96EF2E00D7C045 /* RedSquare.swift */; };
		AF75E9EA1D96EF2E00D7C045 /* Mouth.swift in Sources */ = {isa = PBXBuildFile; fileRef = AF75E9E41D96EF2E00D7C045 /* Mouth.swift */; };
		AF75E9EB1D96EF2E00D7C045 /* IceCream.swift in Sources */ = {isa = PBXBuildFile; fileRef = AF75E9E51D96EF2E00D7C045 /* IceCream.swift */; };
		AF8F9E3E1DFCA58A00F4F9EB /* bounce1.mp3 in Resources */ = {isa = PBXBuildFile; fileRef = AF8F9E391DFCA58A00F4F9EB /* bounce1.mp3 */; };
		AF8F9E3F1DFCA58A00F4F9EB /* bounce2.mp3 in Resources */ = {isa = PBXBuildFile; fileRef = AF8F9E3A1DFCA58A00F4F9EB /* bounce2.mp3 */; };
		AF8F9E401DFCA58A00F4F9EB /* bounce3.mp3 in Resources */ = {isa = PBXBuildFile; fileRef = AF8F9E3B1DFCA58A00F4F9EB /* bounce3.mp3 */; };
		AF8F9E411DFCA58A00F4F9EB /* bounce4.mp3 in Resources */ = {isa = PBXBuildFile; fileRef = AF8F9E3C1DFCA58A00F4F9EB /* bounce4.mp3 */; };
		AF8F9E421DFCA58A00F4F9EB /* bounce5.mp3 in Resources */ = {isa = PBXBuildFile; fileRef = AF8F9E3D1DFCA58A00F4F9EB /* bounce5.mp3 */; };
		AFA3CDF61E2565170014E381 /* HighScores.sks in Resources */ = {isa = PBXBuildFile; fileRef = AFA3CDF51E2565170014E381 /* HighScores.sks */; };
		AFAA29441E4770F10082C793 /* IceCreamLogo.png in Resources */ = {isa = PBXBuildFile; fileRef = AFAA29431E4770F10082C793 /* IceCreamLogo.png */; };
		AFC5ADC11E397DEB006B79DF /* gear.png in Resources */ = {isa = PBXBuildFile; fileRef = AFC5ADC01E397DEB006B79DF /* gear.png */; };
		AFC5ADC31E398BE5006B79DF /* MenuButton.swift in Sources */ = {isa = PBXBuildFile; fileRef = AFC5ADC21E398BE5006B79DF /* MenuButton.swift */; };
		AFC5ADCB1E3AC028006B79DF /* pluck1.mp3 in Resources */ = {isa = PBXBuildFile; fileRef = AFC5ADC41E3AC028006B79DF /* pluck1.mp3 */; };
		AFC5ADCC1E3AC028006B79DF /* pluck2.mp3 in Resources */ = {isa = PBXBuildFile; fileRef = AFC5ADC51E3AC028006B79DF /* pluck2.mp3 */; };
		AFC5ADCD1E3AC028006B79DF /* pluck3.mp3 in Resources */ = {isa = PBXBuildFile; fileRef = AFC5ADC61E3AC028006B79DF /* pluck3.mp3 */; };
		AFC5ADCE1E3AC028006B79DF /* pluck4.mp3 in Resources */ = {isa = PBXBuildFile; fileRef = AFC5ADC71E3AC028006B79DF /* pluck4.mp3 */; };
		AFC5ADCF1E3AC028006B79DF /* pluck5.mp3 in Resources */ = {isa = PBXBuildFile; fileRef = AFC5ADC81E3AC028006B79DF /* pluck5.mp3 */; };
		AFC5ADD01E3AC028006B79DF /* pluck6.mp3 in Resources */ = {isa = PBXBuildFile; fileRef = AFC5ADC91E3AC028006B79DF /* pluck6.mp3 */; };
		AFC5ADD11E3AC028006B79DF /* pluck7.mp3 in Resources */ = {isa = PBXBuildFile; fileRef = AFC5ADCA1E3AC028006B79DF /* pluck7.mp3 */; };
		AFC985AF1E01B504003A41C7 /* BrushSound.mp3 in Resources */ = {isa = PBXBuildFile; fileRef = AFC985AE1E01B504003A41C7 /* BrushSound.mp3 */; };
		AFC985B21E01D0D1003A41C7 /* bgmusicLevel4.mp3 in Resources */ = {isa = PBXBuildFile; fileRef = AFC985B01E01D0D1003A41C7 /* bgmusicLevel4.mp3 */; };
		AFC985B31E01D0D1003A41C7 /* teethclatter.mp3 in Resources */ = {isa = PBXBuildFile; fileRef = AFC985B11E01D0D1003A41C7 /* teethclatter.mp3 */; };
		AFCFB1BA1DC6644500220EB7 /* SKMultilineLabel.swift in Sources */ = {isa = PBXBuildFile; fileRef = AFCFB1B91DC6644500220EB7 /* SKMultilineLabel.swift */; };
		AFE855101E3040FA00EE4F2B /* tablePattern.png in Resources */ = {isa = PBXBuildFile; fileRef = AFE8550F1E3040FA00EE4F2B /* tablePattern.png */; };
/* End PBXBuildFile section */

/* Begin PBXFileReference section */
		564CD15F142BFEACD1DF0A02 /* Pods_Ice_Cream_Game.framework */ = {isa = PBXFileReference; explicitFileType = wrapper.framework; includeInIndex = 0; path = Pods_Ice_Cream_Game.framework; sourceTree = BUILT_PRODUCTS_DIR; };
		AF18E7101E20591800C9CAC0 /* bg1.jpg */ = {isa = PBXFileReference; lastKnownFileType = image.jpeg; path = bg1.jpg; sourceTree = "<group>"; };
		AF193ACC1DA15AA300C8F1E8 /* GameScene.sks */ = {isa = PBXFileReference; lastKnownFileType = file.sks; path = GameScene.sks; sourceTree = "<group>"; };
		AF193ACE1DA1645F00C8F1E8 /* MainMenu.swift */ = {isa = PBXFileReference; fileEncoding = 4; lastKnownFileType = sourcecode.swift; path = MainMenu.swift; sourceTree = "<group>"; };
		AF193AD01DA17C4400C8F1E8 /* MainMenu.sks */ = {isa = PBXFileReference; lastKnownFileType = file.sks; path = MainMenu.sks; sourceTree = "<group>"; };
		AF324F121E53973600D2478A /* IceCreamGameBG.jpeg */ = {isa = PBXFileReference; lastKnownFileType = image.jpeg; path = IceCreamGameBG.jpeg; sourceTree = "<group>"; };
		AF325B261E42691300FA76FF /* SettingsNode.swift */ = {isa = PBXFileReference; fileEncoding = 4; lastKnownFileType = sourcecode.swift; path = SettingsNode.swift; sourceTree = "<group>"; };
		AF43E8B71E35836E00237A35 /* bgmusicLevel5.mp3 */ = {isa = PBXFileReference; lastKnownFileType = audio.mp3; path = bgmusicLevel5.mp3; sourceTree = "<group>"; };
		AF43E8BF1E35848300237A35 /* bgmusicLevel2.mp3 */ = {isa = PBXFileReference; lastKnownFileType = audio.mp3; path = bgmusicLevel2.mp3; sourceTree = "<group>"; };
		AF4430BE1DAAC0C300A1FA33 /* NewLevelMenu.swift */ = {isa = PBXFileReference; fileEncoding = 4; lastKnownFileType = sourcecode.swift; path = NewLevelMenu.swift; sourceTree = "<group>"; };
		AF4430C01DAAC27300A1FA33 /* NewLevelMenu.sks */ = {isa = PBXFileReference; lastKnownFileType = file.sks; path = NewLevelMenu.sks; sourceTree = "<group>"; };
		AF44A7EC1EC22CB00039E3DB /* bgmusicLevel1.mp3 */ = {isa = PBXFileReference; lastKnownFileType = audio.mp3; path = bgmusicLevel1.mp3; sourceTree = "<group>"; };
		AF53D1501E50F8FA006FCF4A /* bgmusicLevel6.mp3 */ = {isa = PBXFileReference; lastKnownFileType = audio.mp3; path = bgmusicLevel6.mp3; sourceTree = "<group>"; };
		AF742E081DF854F8009BF9D1 /* bgmusicLevel3.mp3 */ = {isa = PBXFileReference; lastKnownFileType = audio.mp3; path = bgmusicLevel3.mp3; sourceTree = "<group>"; };
		AF742E0B1DF85F85009BF9D1 /* Extentions.swift */ = {isa = PBXFileReference; fileEncoding = 4; lastKnownFileType = sourcecode.swift; path = Extentions.swift; sourceTree = "<group>"; };
		AF742E0D1DF85FBC009BF9D1 /* SoundNode.swift */ = {isa = PBXFileReference; fileEncoding = 4; lastKnownFileType = sourcecode.swift; path = SoundNode.swift; sourceTree = "<group>"; };
		AF75E99A1D96EE2D00D7C045 /* Ice Cream Game.app */ = {isa = PBXFileReference; explicitFileType = wrapper.application; includeInIndex = 0; path = "Ice Cream Game.app"; sourceTree = BUILT_PRODUCTS_DIR; };
		AF75E99D1D96EE2D00D7C045 /* AppDelegate.swift */ = {isa = PBXFileReference; lastKnownFileType = sourcecode.swift; path = AppDelegate.swift; sourceTree = "<group>"; };
		AF75E9A11D96EE2D00D7C045 /* Actions.sks */ = {isa = PBXFileReference; lastKnownFileType = file.sks; path = Actions.sks; sourceTree = "<group>"; };
		AF75E9A31D96EE2D00D7C045 /* GameScene.swift */ = {isa = PBXFileReference; lastKnownFileType = sourcecode.swift; path = GameScene.swift; sourceTree = "<group>"; };
		AF75E9A51D96EE2D00D7C045 /* GameViewController.swift */ = {isa = PBXFileReference; lastKnownFileType = sourcecode.swift; path = GameViewController.swift; sourceTree = "<group>"; };
		AF75E9A81D96EE2D00D7C045 /* Base */ = {isa = PBXFileReference; lastKnownFileType = file.storyboard; name = Base; path = Base.lproj/Main.storyboard; sourceTree = "<group>"; };
		AF75E9AA1D96EE2D00D7C045 /* Assets.xcassets */ = {isa = PBXFileReference; lastKnownFileType = folder.assetcatalog; path = Assets.xcassets; sourceTree = "<group>"; };
		AF75E9AD1D96EE2D00D7C045 /* Base */ = {isa = PBXFileReference; lastKnownFileType = file.storyboard; name = Base; path = Base.lproj/LaunchScreen.storyboard; sourceTree = "<group>"; };
		AF75E9AF1D96EE2D00D7C045 /* Info.plist */ = {isa = PBXFileReference; lastKnownFileType = text.plist.xml; path = Info.plist; sourceTree = "<group>"; };
		AF75E9B51D96EE4E00D7C045 /* coin.mp3 */ = {isa = PBXFileReference; lastKnownFileType = audio.mp3; path = coin.mp3; sourceTree = "<group>"; };
		AF75E9BA1D96EE4E00D7C045 /* teeth2.mp3 */ = {isa = PBXFileReference; lastKnownFileType = audio.mp3; path = teeth2.mp3; sourceTree = "<group>"; };
		AF75E9C21D96EE6A00D7C045 /* mouth.atlas */ = {isa = PBXFileReference; lastKnownFileType = folder.skatlas; path = mouth.atlas; sourceTree = "<group>"; };
		AF75E9CC1D96EEDD00D7C045 /* Explosion.sks */ = {isa = PBXFileReference; lastKnownFileType = file.sks; path = Explosion.sks; sourceTree = "<group>"; };
		AF75E9CD1D96EEDD00D7C045 /* ToothExplosion.sks */ = {isa = PBXFileReference; lastKnownFileType = file.sks; path = ToothExplosion.sks; sourceTree = "<group>"; };
		AF75E9CE1D96EEDD00D7C045 /* greenSprinkle.png */ = {isa = PBXFileReference; lastKnownFileType = image.png; path = greenSprinkle.png; sourceTree = "<group>"; };
		AF75E9CF1D96EEDD00D7C045 /* yellowSprinkle.png */ = {isa = PBXFileReference; lastKnownFileType = image.png; path = yellowSprinkle.png; sourceTree = "<group>"; };
		AF75E9D01D96EEDD00D7C045 /* red square.png */ = {isa = PBXFileReference; lastKnownFileType = image.png; path = "red square.png"; sourceTree = "<group>"; };
		AF75E9D11D96EEDD00D7C045 /* spike.png */ = {isa = PBXFileReference; lastKnownFileType = image.png; path = spike.png; sourceTree = "<group>"; };
		AF75E9D21D96EEDD00D7C045 /* tooth.png */ = {isa = PBXFileReference; lastKnownFileType = image.png; path = tooth.png; sourceTree = "<group>"; };
		AF75E9D31D96EEDD00D7C045 /* sprinkle.png */ = {isa = PBXFileReference; lastKnownFileType = image.png; path = sprinkle.png; sourceTree = "<group>"; };
		AF75E9D41D96EEDD00D7C045 /* head.png */ = {isa = PBXFileReference; lastKnownFileType = image.png; path = head.png; sourceTree = "<group>"; };
		AF75E9D51D96EEDD00D7C045 /* toothbrush.png */ = {isa = PBXFileReference; lastKnownFileType = image.png; path = toothbrush.png; sourceTree = "<group>"; };
		AF75E9E01D96EF2E00D7C045 /* Toothbrush.swift */ = {isa = PBXFileReference; fileEncoding = 4; lastKnownFileType = sourcecode.swift; path = Toothbrush.swift; sourceTree = "<group>"; };
		AF75E9E11D96EF2E00D7C045 /* Constants.swift */ = {isa = PBXFileReference; fileEncoding = 4; lastKnownFileType = sourcecode.swift; path = Constants.swift; sourceTree = "<group>"; };
		AF75E9E21D96EF2E00D7C045 /* Spike.swift */ = {isa = PBXFileReference; fileEncoding = 4; lastKnownFileType = sourcecode.swift; path = Spike.swift; sourceTree = "<group>"; };
		AF75E9E31D96EF2E00D7C045 /* RedSquare.swift */ = {isa = PBXFileReference; fileEncoding = 4; lastKnownFileType = sourcecode.swift; path = RedSquare.swift; sourceTree = "<group>"; };
		AF75E9E41D96EF2E00D7C045 /* Mouth.swift */ = {isa = PBXFileReference; fileEncoding = 4; lastKnownFileType = sourcecode.swift; path = Mouth.swift; sourceTree = "<group>"; };
		AF75E9E51D96EF2E00D7C045 /* IceCream.swift */ = {isa = PBXFileReference; fileEncoding = 4; lastKnownFileType = sourcecode.swift; path = IceCream.swift; sourceTree = "<group>"; };
		AF8F9E391DFCA58A00F4F9EB /* bounce1.mp3 */ = {isa = PBXFileReference; lastKnownFileType = audio.mp3; path = bounce1.mp3; sourceTree = "<group>"; };
		AF8F9E3A1DFCA58A00F4F9EB /* bounce2.mp3 */ = {isa = PBXFileReference; lastKnownFileType = audio.mp3; path = bounce2.mp3; sourceTree = "<group>"; };
		AF8F9E3B1DFCA58A00F4F9EB /* bounce3.mp3 */ = {isa = PBXFileReference; lastKnownFileType = audio.mp3; path = bounce3.mp3; sourceTree = "<group>"; };
		AF8F9E3C1DFCA58A00F4F9EB /* bounce4.mp3 */ = {isa = PBXFileReference; lastKnownFileType = audio.mp3; path = bounce4.mp3; sourceTree = "<group>"; };
		AF8F9E3D1DFCA58A00F4F9EB /* bounce5.mp3 */ = {isa = PBXFileReference; lastKnownFileType = audio.mp3; path = bounce5.mp3; sourceTree = "<group>"; };
		AFA3CDF51E2565170014E381 /* HighScores.sks */ = {isa = PBXFileReference; lastKnownFileType = file.sks; path = HighScores.sks; sourceTree = "<group>"; };
		AFAA29431E4770F10082C793 /* IceCreamLogo.png */ = {isa = PBXFileReference; lastKnownFileType = image.png; path = IceCreamLogo.png; sourceTree = "<group>"; };
		AFC5ADC01E397DEB006B79DF /* gear.png */ = {isa = PBXFileReference; lastKnownFileType = image.png; path = gear.png; sourceTree = "<group>"; };
		AFC5ADC21E398BE5006B79DF /* MenuButton.swift */ = {isa = PBXFileReference; fileEncoding = 4; lastKnownFileType = sourcecode.swift; path = MenuButton.swift; sourceTree = "<group>"; };
		AFC5ADC41E3AC028006B79DF /* pluck1.mp3 */ = {isa = PBXFileReference; lastKnownFileType = audio.mp3; path = pluck1.mp3; sourceTree = "<group>"; };
		AFC5ADC51E3AC028006B79DF /* pluck2.mp3 */ = {isa = PBXFileReference; lastKnownFileType = audio.mp3; path = pluck2.mp3; sourceTree = "<group>"; };
		AFC5ADC61E3AC028006B79DF /* pluck3.mp3 */ = {isa = PBXFileReference; lastKnownFileType = audio.mp3; path = pluck3.mp3; sourceTree = "<group>"; };
		AFC5ADC71E3AC028006B79DF /* pluck4.mp3 */ = {isa = PBXFileReference; lastKnownFileType = audio.mp3; path = pluck4.mp3; sourceTree = "<group>"; };
		AFC5ADC81E3AC028006B79DF /* pluck5.mp3 */ = {isa = PBXFileReference; lastKnownFileType = audio.mp3; path = pluck5.mp3; sourceTree = "<group>"; };
		AFC5ADC91E3AC028006B79DF /* pluck6.mp3 */ = {isa = PBXFileReference; lastKnownFileType = audio.mp3; path = pluck6.mp3; sourceTree = "<group>"; };
		AFC5ADCA1E3AC028006B79DF /* pluck7.mp3 */ = {isa = PBXFileReference; lastKnownFileType = audio.mp3; path = pluck7.mp3; sourceTree = "<group>"; };
		AFC985AE1E01B504003A41C7 /* BrushSound.mp3 */ = {isa = PBXFileReference; lastKnownFileType = audio.mp3; path = BrushSound.mp3; sourceTree = "<group>"; };
		AFC985B01E01D0D1003A41C7 /* bgmusicLevel4.mp3 */ = {isa = PBXFileReference; lastKnownFileType = audio.mp3; path = bgmusicLevel4.mp3; sourceTree = "<group>"; };
		AFC985B11E01D0D1003A41C7 /* teethclatter.mp3 */ = {isa = PBXFileReference; lastKnownFileType = audio.mp3; path = teethclatter.mp3; sourceTree = "<group>"; };
		AFCFB1B91DC6644500220EB7 /* SKMultilineLabel.swift */ = {isa = PBXFileReference; fileEncoding = 4; lastKnownFileType = sourcecode.swift; path = SKMultilineLabel.swift; sourceTree = "<group>"; };
		AFE8550F1E3040FA00EE4F2B /* tablePattern.png */ = {isa = PBXFileReference; lastKnownFileType = image.png; path = tablePattern.png; sourceTree = "<group>"; };
		EB8A08EEE0D7D028FDA592C5 /* Pods-Ice Cream Game.release.xcconfig */ = {isa = PBXFileReference; includeInIndex = 1; lastKnownFileType = text.xcconfig; name = "Pods-Ice Cream Game.release.xcconfig"; path = "Pods/Target Support Files/Pods-Ice Cream Game/Pods-Ice Cream Game.release.xcconfig"; sourceTree = "<group>"; };
		F1A67B54851DFA12F445C22E /* Pods-Ice Cream Game.debug.xcconfig */ = {isa = PBXFileReference; includeInIndex = 1; lastKnownFileType = text.xcconfig; name = "Pods-Ice Cream Game.debug.xcconfig"; path = "Pods/Target Support Files/Pods-Ice Cream Game/Pods-Ice Cream Game.debug.xcconfig"; sourceTree = "<group>"; };
/* End PBXFileReference section */

/* Begin PBXFrameworksBuildPhase section */
		AF75E9971D96EE2D00D7C045 /* Frameworks */ = {
			isa = PBXFrameworksBuildPhase;
			buildActionMask = 2147483647;
			files = (
				7D77F4A4825B9855FCD73E1C /* Pods_Ice_Cream_Game.framework in Frameworks */,
			);
			runOnlyForDeploymentPostprocessing = 0;
		};
/* End PBXFrameworksBuildPhase section */

/* Begin PBXGroup section */
		7889637D09BF3CE518165342 /* Frameworks */ = {
			isa = PBXGroup;
			children = (
				564CD15F142BFEACD1DF0A02 /* Pods_Ice_Cream_Game.framework */,
			);
			name = Frameworks;
			sourceTree = "<group>";
		};
		AF75E9911D96EE2D00D7C045 = {
			isa = PBXGroup;
			children = (
				AF75E9C11D96EE5800D7C045 /* Sounds */,
				AF75E99C1D96EE2D00D7C045 /* Ice Cream Game */,
				AF75E99B1D96EE2D00D7C045 /* Products */,
				D14D96340E34D91645E944CA /* Pods */,
				7889637D09BF3CE518165342 /* Frameworks */,
			);
			sourceTree = "<group>";
		};
		AF75E99B1D96EE2D00D7C045 /* Products */ = {
			isa = PBXGroup;
			children = (
				AF75E99A1D96EE2D00D7C045 /* Ice Cream Game.app */,
			);
			name = Products;
			sourceTree = "<group>";
		};
		AF75E99C1D96EE2D00D7C045 /* Ice Cream Game */ = {
			isa = PBXGroup;
			children = (
				AFCFB1BB1DC6646100220EB7 /* Model */,
				AFCFB1BC1DC6646800220EB7 /* View */,
				AFCFB1BD1DC6646D00220EB7 /* Controller */,
				AFCFB1BE1DC6647300220EB7 /* Utility */,
				AF75E9A71D96EE2D00D7C045 /* Main.storyboard */,
				AF75E9AA1D96EE2D00D7C045 /* Assets.xcassets */,
				AF75E9AC1D96EE2D00D7C045 /* LaunchScreen.storyboard */,
				AF75E9AF1D96EE2D00D7C045 /* Info.plist */,
			);
			path = "Ice Cream Game";
			sourceTree = "<group>";
		};
		AF75E9C11D96EE5800D7C045 /* Sounds */ = {
			isa = PBXGroup;
			children = (
				AF75E9B51D96EE4E00D7C045 /* coin.mp3 */,
				AF44A7EC1EC22CB00039E3DB /* bgmusicLevel1.mp3 */,
				AF43E8BF1E35848300237A35 /* bgmusicLevel2.mp3 */,
				AF742E081DF854F8009BF9D1 /* bgmusicLevel3.mp3 */,
				AFC985B01E01D0D1003A41C7 /* bgmusicLevel4.mp3 */,
				AF43E8B71E35836E00237A35 /* bgmusicLevel5.mp3 */,
				AF53D1501E50F8FA006FCF4A /* bgmusicLevel6.mp3 */,
				AFC985B11E01D0D1003A41C7 /* teethclatter.mp3 */,
				AFC985AE1E01B504003A41C7 /* BrushSound.mp3 */,
				AFC5ADC41E3AC028006B79DF /* pluck1.mp3 */,
				AFC5ADC51E3AC028006B79DF /* pluck2.mp3 */,
				AFC5ADC61E3AC028006B79DF /* pluck3.mp3 */,
				AFC5ADC71E3AC028006B79DF /* pluck4.mp3 */,
				AFC5ADC81E3AC028006B79DF /* pluck5.mp3 */,
				AFC5ADC91E3AC028006B79DF /* pluck6.mp3 */,
				AFC5ADCA1E3AC028006B79DF /* pluck7.mp3 */,
				AF75E9BA1D96EE4E00D7C045 /* teeth2.mp3 */,
				AF8F9E391DFCA58A00F4F9EB /* bounce1.mp3 */,
				AF8F9E3A1DFCA58A00F4F9EB /* bounce2.mp3 */,
				AF8F9E3B1DFCA58A00F4F9EB /* bounce3.mp3 */,
				AF8F9E3C1DFCA58A00F4F9EB /* bounce4.mp3 */,
				AF8F9E3D1DFCA58A00F4F9EB /* bounce5.mp3 */,
			);
			name = Sounds;
			sourceTree = "<group>";
		};
		AF75E9C51D96EEA200D7C045 /* SpritePics */ = {
			isa = PBXGroup;
			children = (
				AF75E9CC1D96EEDD00D7C045 /* Explosion.sks */,
				AFE8550F1E3040FA00EE4F2B /* tablePattern.png */,
				AF75E9CD1D96EEDD00D7C045 /* ToothExplosion.sks */,
				AF75E9CE1D96EEDD00D7C045 /* greenSprinkle.png */,
				AF75E9CF1D96EEDD00D7C045 /* yellowSprinkle.png */,
				AF324F121E53973600D2478A /* IceCreamGameBG.jpeg */,
				AF75E9D01D96EEDD00D7C045 /* red square.png */,
				AFAA29431E4770F10082C793 /* IceCreamLogo.png */,
				AF18E7101E20591800C9CAC0 /* bg1.jpg */,
				AF75E9D11D96EEDD00D7C045 /* spike.png */,
				AF75E9D21D96EEDD00D7C045 /* tooth.png */,
				AFC5ADC01E397DEB006B79DF /* gear.png */,
				AF75E9D31D96EEDD00D7C045 /* sprinkle.png */,
				AF75E9D41D96EEDD00D7C045 /* head.png */,
				AF75E9D51D96EEDD00D7C045 /* toothbrush.png */,
				AF75E9C21D96EE6A00D7C045 /* mouth.atlas */,
			);
			name = SpritePics;
			sourceTree = "<group>";
		};
		AFCFB1BB1DC6646100220EB7 /* Model */ = {
			isa = PBXGroup;
			children = (
				AF193ACE1DA1645F00C8F1E8 /* MainMenu.swift */,
				AF75E9A31D96EE2D00D7C045 /* GameScene.swift */,
				AF325B261E42691300FA76FF /* SettingsNode.swift */,
				AF4430BE1DAAC0C300A1FA33 /* NewLevelMenu.swift */,
				AF75E9E01D96EF2E00D7C045 /* Toothbrush.swift */,
				AF75E9E21D96EF2E00D7C045 /* Spike.swift */,
				AF75E9E31D96EF2E00D7C045 /* RedSquare.swift */,
				AF75E9E41D96EF2E00D7C045 /* Mouth.swift */,
				AF75E9E51D96EF2E00D7C045 /* IceCream.swift */,
				AF742E0D1DF85FBC009BF9D1 /* SoundNode.swift */,
				AFC5ADC21E398BE5006B79DF /* MenuButton.swift */,
			);
			name = Model;
			sourceTree = "<group>";
		};
		AFCFB1BC1DC6646800220EB7 /* View */ = {
			isa = PBXGroup;
			children = (
				AF75E9C51D96EEA200D7C045 /* SpritePics */,
				AF193ACC1DA15AA300C8F1E8 /* GameScene.sks */,
				AF193AD01DA17C4400C8F1E8 /* MainMenu.sks */,
				AF4430C01DAAC27300A1FA33 /* NewLevelMenu.sks */,
				AF75E9A11D96EE2D00D7C045 /* Actions.sks */,
				AFA3CDF51E2565170014E381 /* HighScores.sks */,
			);
			name = View;
			sourceTree = "<group>";
		};
		AFCFB1BD1DC6646D00220EB7 /* Controller */ = {
			isa = PBXGroup;
			children = (
				AF75E9A51D96EE2D00D7C045 /* GameViewController.swift */,
				AF75E99D1D96EE2D00D7C045 /* AppDelegate.swift */,
			);
			name = Controller;
			sourceTree = "<group>";
		};
		AFCFB1BE1DC6647300220EB7 /* Utility */ = {
			isa = PBXGroup;
			children = (
				AF742E0B1DF85F85009BF9D1 /* Extentions.swift */,
				AF75E9E11D96EF2E00D7C045 /* Constants.swift */,
				AFCFB1B91DC6644500220EB7 /* SKMultilineLabel.swift */,
			);
			name = Utility;
			sourceTree = "<group>";
		};
		D14D96340E34D91645E944CA /* Pods */ = {
			isa = PBXGroup;
			children = (
				F1A67B54851DFA12F445C22E /* Pods-Ice Cream Game.debug.xcconfig */,
				EB8A08EEE0D7D028FDA592C5 /* Pods-Ice Cream Game.release.xcconfig */,
			);
			name = Pods;
			sourceTree = "<group>";
		};
/* End PBXGroup section */

/* Begin PBXNativeTarget section */
		AF75E9991D96EE2D00D7C045 /* Ice Cream Game */ = {
			isa = PBXNativeTarget;
			buildConfigurationList = AF75E9B21D96EE2D00D7C045 /* Build configuration list for PBXNativeTarget "Ice Cream Game" */;
			buildPhases = (
				3C6DC672C0D9609F67B065B9 /* [CP] Check Pods Manifest.lock */,
				AF75E9961D96EE2D00D7C045 /* Sources */,
				AF75E9971D96EE2D00D7C045 /* Frameworks */,
				AF75E9981D96EE2D00D7C045 /* Resources */,
				C90D5B7A124D15BD128E6C21 /* [CP] Embed Pods Frameworks */,
				43B0F94349F13EAA15847CFB /* [CP] Copy Pods Resources */,
			);
			buildRules = (
			);
			dependencies = (
			);
			name = "Ice Cream Game";
			productName = "Ice Cream Game";
			productReference = AF75E99A1D96EE2D00D7C045 /* Ice Cream Game.app */;
			productType = "com.apple.product-type.application";
		};
/* End PBXNativeTarget section */

/* Begin PBXProject section */
		AF75E9921D96EE2D00D7C045 /* Project object */ = {
			isa = PBXProject;
			attributes = {
				LastSwiftUpdateCheck = 0800;
				LastUpgradeCheck = 0810;
				ORGANIZATIONNAME = "Luke Morse";
				TargetAttributes = {
					AF75E9991D96EE2D00D7C045 = {
						CreatedOnToolsVersion = 8.0;
						DevelopmentTeam = 4Z8CKPY35P;
						ProvisioningStyle = Automatic;
					};
				};
			};
			buildConfigurationList = AF75E9951D96EE2D00D7C045 /* Build configuration list for PBXProject "Ice Cream Game" */;
			compatibilityVersion = "Xcode 3.2";
			developmentRegion = English;
			hasScannedForEncodings = 0;
			knownRegions = (
				en,
				Base,
			);
			mainGroup = AF75E9911D96EE2D00D7C045;
			productRefGroup = AF75E99B1D96EE2D00D7C045 /* Products */;
			projectDirPath = "";
			projectRoot = "";
			targets = (
				AF75E9991D96EE2D00D7C045 /* Ice Cream Game */,
			);
		};
/* End PBXProject section */

/* Begin PBXResourcesBuildPhase section */
		AF75E9981D96EE2D00D7C045 /* Resources */ = {
			isa = PBXResourcesBuildPhase;
			buildActionMask = 2147483647;
			files = (
				AFC5ADCB1E3AC028006B79DF /* pluck1.mp3 in Resources */,
				AF742E0A1DF854F8009BF9D1 /* bgmusicLevel3.mp3 in Resources */,
				AF75E9D81D96EEDD00D7C045 /* greenSprinkle.png in Resources */,
				AF324F131E53973600D2478A /* IceCreamGameBG.jpeg in Resources */,
				AF75E9D71D96EEDD00D7C045 /* ToothExplosion.sks in Resources */,
				AF75E9C01D96EE4E00D7C045 /* teeth2.mp3 in Resources */,
				AF44A7ED1EC22CB00039E3DB /* bgmusicLevel1.mp3 in Resources */,
				AFC985AF1E01B504003A41C7 /* BrushSound.mp3 in Resources */,
				AFC985B21E01D0D1003A41C7 /* bgmusicLevel4.mp3 in Resources */,
				AF75E9DC1D96EEDD00D7C045 /* tooth.png in Resources */,
				AF75E9A91D96EE2D00D7C045 /* Main.storyboard in Resources */,
				AF8F9E3F1DFCA58A00F4F9EB /* bounce2.mp3 in Resources */,
				AF75E9DF1D96EEDD00D7C045 /* toothbrush.png in Resources */,
				AF8F9E401DFCA58A00F4F9EB /* bounce3.mp3 in Resources */,
				AFC5ADC11E397DEB006B79DF /* gear.png in Resources */,
				AF75E9AB1D96EE2D00D7C045 /* Assets.xcassets in Resources */,
				AF193AD11DA17C4400C8F1E8 /* MainMenu.sks in Resources */,
				AFE855101E3040FA00EE4F2B /* tablePattern.png in Resources */,
				AFC5ADD01E3AC028006B79DF /* pluck6.mp3 in Resources */,
				AF75E9D61D96EEDD00D7C045 /* Explosion.sks in Resources */,
				AF8F9E421DFCA58A00F4F9EB /* bounce5.mp3 in Resources */,
				AF75E9D91D96EEDD00D7C045 /* yellowSprinkle.png in Resources */,
				AF75E9DE1D96EEDD00D7C045 /* head.png in Resources */,
				AF193ACD1DA15AA300C8F1E8 /* GameScene.sks in Resources */,
				AF4430C11DAAC27300A1FA33 /* NewLevelMenu.sks in Resources */,
				AF43E8C01E35848300237A35 /* bgmusicLevel2.mp3 in Resources */,
				AFC5ADCC1E3AC028006B79DF /* pluck2.mp3 in Resources */,
				AF75E9DD1D96EEDD00D7C045 /* sprinkle.png in Resources */,
				AF43E8B91E35836E00237A35 /* bgmusicLevel5.mp3 in Resources */,
				AF75E9DB1D96EEDD00D7C045 /* spike.png in Resources */,
				AFC5ADD11E3AC028006B79DF /* pluck7.mp3 in Resources */,
				AFC5ADCF1E3AC028006B79DF /* pluck5.mp3 in Resources */,
				AF8F9E411DFCA58A00F4F9EB /* bounce4.mp3 in Resources */,
				AF75E9AE1D96EE2D00D7C045 /* LaunchScreen.storyboard in Resources */,
				AF75E9DA1D96EEDD00D7C045 /* red square.png in Resources */,
				AFA3CDF61E2565170014E381 /* HighScores.sks in Resources */,
				AFC5ADCE1E3AC028006B79DF /* pluck4.mp3 in Resources */,
				AF75E9C31D96EE6A00D7C045 /* mouth.atlas in Resources */,
				AF53D1511E50F8FA006FCF4A /* bgmusicLevel6.mp3 in Resources */,
				AFC985B31E01D0D1003A41C7 /* teethclatter.mp3 in Resources */,
				AFC5ADCD1E3AC028006B79DF /* pluck3.mp3 in Resources */,
				AF75E9A21D96EE2D00D7C045 /* Actions.sks in Resources */,
				AF18E7111E20591800C9CAC0 /* bg1.jpg in Resources */,
				AF75E9BB1D96EE4E00D7C045 /* coin.mp3 in Resources */,
				AFAA29441E4770F10082C793 /* IceCreamLogo.png in Resources */,
				AF8F9E3E1DFCA58A00F4F9EB /* bounce1.mp3 in Resources */,
			);
			runOnlyForDeploymentPostprocessing = 0;
		};
/* End PBXResourcesBuildPhase section */

/* Begin PBXShellScriptBuildPhase section */
		3C6DC672C0D9609F67B065B9 /* [CP] Check Pods Manifest.lock */ = {
			isa = PBXShellScriptBuildPhase;
			buildActionMask = 2147483647;
			files = (
			);
			inputPaths = (
			);
			name = "[CP] Check Pods Manifest.lock";
			outputPaths = (
			);
			runOnlyForDeploymentPostprocessing = 0;
			shellPath = /bin/sh;
			shellScript = "diff \"${PODS_PODFILE_DIR_PATH}/Podfile.lock\" \"${PODS_ROOT}/Manifest.lock\" > /dev/null\nif [ $? != 0 ] ; then\n    # print error to STDERR\n    echo \"error: The sandbox is not in sync with the Podfile.lock. Run 'pod install' or update your CocoaPods installation.\" >&2\n    exit 1\nfi\n";
			showEnvVarsInLog = 0;
		};
		43B0F94349F13EAA15847CFB /* [CP] Copy Pods Resources */ = {
			isa = PBXShellScriptBuildPhase;
			buildActionMask = 2147483647;
			files = (
			);
			inputPaths = (
			);
			name = "[CP] Copy Pods Resources";
			outputPaths = (
			);
			runOnlyForDeploymentPostprocessing = 0;
			shellPath = /bin/sh;
			shellScript = "\"${SRCROOT}/Pods/Target Support Files/Pods-Ice Cream Game/Pods-Ice Cream Game-resources.sh\"\n";
			showEnvVarsInLog = 0;
		};
		C90D5B7A124D15BD128E6C21 /* [CP] Embed Pods Frameworks */ = {
			isa = PBXShellScriptBuildPhase;
			buildActionMask = 2147483647;
			files = (
			);
			inputPaths = (
			);
			name = "[CP] Embed Pods Frameworks";
			outputPaths = (
			);
			runOnlyForDeploymentPostprocessing = 0;
			shellPath = /bin/sh;
			shellScript = "\"${SRCROOT}/Pods/Target Support Files/Pods-Ice Cream Game/Pods-Ice Cream Game-frameworks.sh\"\n";
			showEnvVarsInLog = 0;
		};
/* End PBXShellScriptBuildPhase section */

/* Begin PBXSourcesBuildPhase section */
		AF75E9961D96EE2D00D7C045 /* Sources */ = {
			isa = PBXSourcesBuildPhase;
			buildActionMask = 2147483647;
			files = (
				AF75E9E71D96EF2E00D7C045 /* Constants.swift in Sources */,
				AF75E9A41D96EE2D00D7C045 /* GameScene.swift in Sources */,
				AF325B271E42691300FA76FF /* SettingsNode.swift in Sources */,
				AFCFB1BA1DC6644500220EB7 /* SKMultilineLabel.swift in Sources */,
				AF742E0E1DF85FBC009BF9D1 /* SoundNode.swift in Sources */,
				AF75E9E61D96EF2E00D7C045 /* Toothbrush.swift in Sources */,
				AF75E9EA1D96EF2E00D7C045 /* Mouth.swift in Sources */,
				AF75E9A61D96EE2D00D7C045 /* GameViewController.swift in Sources */,
				AF193ACF1DA1645F00C8F1E8 /* MainMenu.swift in Sources */,
				AF4430BF1DAAC0C300A1FA33 /* NewLevelMenu.swift in Sources */,
				AF742E0C1DF85F85009BF9D1 /* Extentions.swift in Sources */,
				AF75E9EB1D96EF2E00D7C045 /* IceCream.swift in Sources */,
				AFC5ADC31E398BE5006B79DF /* MenuButton.swift in Sources */,
				AF75E9E91D96EF2E00D7C045 /* RedSquare.swift in Sources */,
				AF75E9E81D96EF2E00D7C045 /* Spike.swift in Sources */,
				AF75E99E1D96EE2D00D7C045 /* AppDelegate.swift in Sources */,
			);
			runOnlyForDeploymentPostprocessing = 0;
		};
/* End PBXSourcesBuildPhase section */

/* Begin PBXVariantGroup section */
		AF75E9A71D96EE2D00D7C045 /* Main.storyboard */ = {
			isa = PBXVariantGroup;
			children = (
				AF75E9A81D96EE2D00D7C045 /* Base */,
			);
			name = Main.storyboard;
			sourceTree = "<group>";
		};
		AF75E9AC1D96EE2D00D7C045 /* LaunchScreen.storyboard */ = {
			isa = PBXVariantGroup;
			children = (
				AF75E9AD1D96EE2D00D7C045 /* Base */,
			);
			name = LaunchScreen.storyboard;
			sourceTree = "<group>";
		};
/* End PBXVariantGroup section */

/* Begin XCBuildConfiguration section */
		AF75E9B01D96EE2D00D7C045 /* Debug */ = {
			isa = XCBuildConfiguration;
			buildSettings = {
				ALWAYS_SEARCH_USER_PATHS = NO;
				CLANG_ANALYZER_NONNULL = YES;
				CLANG_CXX_LANGUAGE_STANDARD = "gnu++0x";
				CLANG_CXX_LIBRARY = "libc++";
				CLANG_ENABLE_MODULES = YES;
				CLANG_ENABLE_OBJC_ARC = YES;
				CLANG_WARN_BOOL_CONVERSION = YES;
				CLANG_WARN_CONSTANT_CONVERSION = YES;
				CLANG_WARN_DIRECT_OBJC_ISA_USAGE = YES_ERROR;
				CLANG_WARN_DOCUMENTATION_COMMENTS = YES;
				CLANG_WARN_EMPTY_BODY = YES;
				CLANG_WARN_ENUM_CONVERSION = YES;
				CLANG_WARN_INFINITE_RECURSION = YES;
				CLANG_WARN_INT_CONVERSION = YES;
				CLANG_WARN_OBJC_ROOT_CLASS = YES_ERROR;
				CLANG_WARN_SUSPICIOUS_MOVE = YES;
				CLANG_WARN_SUSPICIOUS_MOVES = YES;
				CLANG_WARN_UNREACHABLE_CODE = YES;
				CLANG_WARN__DUPLICATE_METHOD_MATCH = YES;
				"CODE_SIGN_IDENTITY[sdk=iphoneos*]" = "iPhone Developer";
				COPY_PHASE_STRIP = NO;
				DEBUG_INFORMATION_FORMAT = dwarf;
				ENABLE_STRICT_OBJC_MSGSEND = YES;
				ENABLE_TESTABILITY = YES;
				GCC_C_LANGUAGE_STANDARD = gnu99;
				GCC_DYNAMIC_NO_PIC = NO;
				GCC_NO_COMMON_BLOCKS = YES;
				GCC_OPTIMIZATION_LEVEL = 0;
				GCC_PREPROCESSOR_DEFINITIONS = (
					"DEBUG=1",
					"$(inherited)",
				);
				GCC_WARN_64_TO_32_BIT_CONVERSION = YES;
				GCC_WARN_ABOUT_RETURN_TYPE = YES_ERROR;
				GCC_WARN_UNDECLARED_SELECTOR = YES;
				GCC_WARN_UNINITIALIZED_AUTOS = YES_AGGRESSIVE;
				GCC_WARN_UNUSED_FUNCTION = YES;
				GCC_WARN_UNUSED_VARIABLE = YES;
				IPHONEOS_DEPLOYMENT_TARGET = 10.2;
				MTL_ENABLE_DEBUG_INFO = YES;
				ONLY_ACTIVE_ARCH = YES;
				SDKROOT = iphoneos;
				SWIFT_ACTIVE_COMPILATION_CONDITIONS = DEBUG;
				SWIFT_OPTIMIZATION_LEVEL = "-Onone";
				TARGETED_DEVICE_FAMILY = "1,2";
			};
			name = Debug;
		};
		AF75E9B11D96EE2D00D7C045 /* Release */ = {
			isa = XCBuildConfiguration;
			buildSettings = {
				ALWAYS_SEARCH_USER_PATHS = NO;
				CLANG_ANALYZER_NONNULL = YES;
				CLANG_CXX_LANGUAGE_STANDARD = "gnu++0x";
				CLANG_CXX_LIBRARY = "libc++";
				CLANG_ENABLE_MODULES = YES;
				CLANG_ENABLE_OBJC_ARC = YES;
				CLANG_WARN_BOOL_CONVERSION = YES;
				CLANG_WARN_CONSTANT_CONVERSION = YES;
				CLANG_WARN_DIRECT_OBJC_ISA_USAGE = YES_ERROR;
				CLANG_WARN_DOCUMENTATION_COMMENTS = YES;
				CLANG_WARN_EMPTY_BODY = YES;
				CLANG_WARN_ENUM_CONVERSION = YES;
				CLANG_WARN_INFINITE_RECURSION = YES;
				CLANG_WARN_INT_CONVERSION = YES;
				CLANG_WARN_OBJC_ROOT_CLASS = YES_ERROR;
				CLANG_WARN_SUSPICIOUS_MOVE = YES;
				CLANG_WARN_SUSPICIOUS_MOVES = YES;
				CLANG_WARN_UNREACHABLE_CODE = YES;
				CLANG_WARN__DUPLICATE_METHOD_MATCH = YES;
				"CODE_SIGN_IDENTITY[sdk=iphoneos*]" = "iPhone Developer";
				COPY_PHASE_STRIP = NO;
				DEBUG_INFORMATION_FORMAT = "dwarf-with-dsym";
				ENABLE_NS_ASSERTIONS = NO;
				ENABLE_STRICT_OBJC_MSGSEND = YES;
				GCC_C_LANGUAGE_STANDARD = gnu99;
				GCC_NO_COMMON_BLOCKS = YES;
				GCC_WARN_64_TO_32_BIT_CONVERSION = YES;
				GCC_WARN_ABOUT_RETURN_TYPE = YES_ERROR;
				GCC_WARN_UNDECLARED_SELECTOR = YES;
				GCC_WARN_UNINITIALIZED_AUTOS = YES_AGGRESSIVE;
				GCC_WARN_UNUSED_FUNCTION = YES;
				GCC_WARN_UNUSED_VARIABLE = YES;
				IPHONEOS_DEPLOYMENT_TARGET = 10.2;
				MTL_ENABLE_DEBUG_INFO = NO;
				SDKROOT = iphoneos;
				SWIFT_OPTIMIZATION_LEVEL = "-Owholemodule";
				TARGETED_DEVICE_FAMILY = "1,2";
				VALIDATE_PRODUCT = YES;
			};
			name = Release;
		};
		AF75E9B31D96EE2D00D7C045 /* Debug */ = {
			isa = XCBuildConfiguration;
			baseConfigurationReference = F1A67B54851DFA12F445C22E /* Pods-Ice Cream Game.debug.xcconfig */;
			buildSettings = {
				ASSETCATALOG_COMPILER_APPICON_NAME = AppIcon;
				"CODE_SIGN_IDENTITY[sdk=iphoneos*]" = "iPhone Developer";
				DEVELOPMENT_TEAM = "";
				INFOPLIST_FILE = "Ice Cream Game/Info.plist";
				IPHONEOS_DEPLOYMENT_TARGET = 9.0;
				LD_RUNPATH_SEARCH_PATHS = "$(inherited) @executable_path/Frameworks";
				PRODUCT_BUNDLE_IDENTIFIER = "com.Lukemorse.Ice-Cream-Explosion";
				PRODUCT_NAME = "$(TARGET_NAME)";
				PROVISIONING_PROFILE = "";
				PROVISIONING_PROFILE_SPECIFIER = "";
				SWIFT_VERSION = 3.0;
				TARGETED_DEVICE_FAMILY = 1;
			};
			name = Debug;
		};
		AF75E9B41D96EE2D00D7C045 /* Release */ = {
			isa = XCBuildConfiguration;
			baseConfigurationReference = EB8A08EEE0D7D028FDA592C5 /* Pods-Ice Cream Game.release.xcconfig */;
			buildSettings = {
				ASSETCATALOG_COMPILER_APPICON_NAME = AppIcon;
				"CODE_SIGN_IDENTITY[sdk=iphoneos*]" = "iPhone Developer";
				DEVELOPMENT_TEAM = "";
				INFOPLIST_FILE = "Ice Cream Game/Info.plist";
				IPHONEOS_DEPLOYMENT_TARGET = 9.0;
				LD_RUNPATH_SEARCH_PATHS = "$(inherited) @executable_path/Frameworks";
				PRODUCT_BUNDLE_IDENTIFIER = "com.Lukemorse.Ice-Cream-Explosion";
				PRODUCT_NAME = "$(TARGET_NAME)";
				PROVISIONING_PROFILE = "";
				PROVISIONING_PROFILE_SPECIFIER = "";
				SWIFT_VERSION = 3.0;
				TARGETED_DEVICE_FAMILY = 1;
			};
			name = Release;
		};
/* End XCBuildConfiguration section */

/* Begin XCConfigurationList section */
		AF75E9951D96EE2D00D7C045 /* Build configuration list for PBXProject "Ice Cream Game" */ = {
			isa = XCConfigurationList;
			buildConfigurations = (
				AF75E9B01D96EE2D00D7C045 /* Debug */,
				AF75E9B11D96EE2D00D7C045 /* Release */,
			);
			defaultConfigurationIsVisible = 0;
			defaultConfigurationName = Release;
		};
		AF75E9B21D96EE2D00D7C045 /* Build configuration list for PBXNativeTarget "Ice Cream Game" */ = {
			isa = XCConfigurationList;
			buildConfigurations = (
				AF75E9B31D96EE2D00D7C045 /* Debug */,
				AF75E9B41D96EE2D00D7C045 /* Release */,
			);
			defaultConfigurationIsVisible = 0;
			defaultConfigurationName = Release;
		};
/* End XCConfigurationList section */
	};
	rootObject = AF75E9921D96EE2D00D7C045 /* Project object */;
}
